
Microsoft Visual Studio Solution File, Format Version 12.00
# Visual Studio Version 16
VisualStudioVersion = 16.0.31515.178
MinimumVisualStudioVersion = 10.0.40219.1
Project("{FAE04EC0-301F-11D3-BF4B-00C04F79EFBC}") = "Input Data", "Input Data.csproj", "{AAED5349-E9E8-414B-AA53-478184EF7A53}"
EndProject
Global
	GlobalSection(SolutionConfigurationPlatforms) = preSolution
		Debug|Any CPU = Debug|Any CPU
		Release|Any CPU = Release|Any CPU
	EndGlobalSection
	GlobalSection(ProjectConfigurationPlatforms) = postSolution
		{AAED5349-E9E8-414B-AA53-478184EF7A53}.Debug|Any CPU.ActiveCfg = Debug|Any CPU
		{AAED5349-E9E8-414B-AA53-478184EF7A53}.Debug|Any CPU.Build.0 = Debug|Any CPU
		{AAED5349-E9E8-414B-AA53-478184EF7A53}.Release|Any CPU.ActiveCfg = Release|Any CPU
		{AAED5349-E9E8-414B-AA53-478184EF7A53}.Release|Any CPU.Build.0 = Release|Any CPU
	EndGlobalSection
	GlobalSection(SolutionProperties) = preSolution
		HideSolutionNode = FALSE
	EndGlobalSection
	GlobalSection(ExtensibilityGlobals) = postSolution
		SolutionGuid = {1B21DD9F-42AA-465C-B01C-02035204CB53}
	EndGlobalSection
EndGlobal
